
Microsoft Visual Studio Solution File, Format Version 12.00
# Visual Studio 2012
Project("{FAE04EC0-301F-11D3-BF4B-00C04F79EFBC}") = "Clifton.Assertions", "..\Clifton.Assertions\Clifton.Assertions.csproj", "{BC365BC6-C446-495E-81BF-D2F40B3EB355}"
EndProject
Project("{FAE04EC0-301F-11D3-BF4B-00C04F79EFBC}") = "Clifton.CoreSemanticTypes", "..\Clifton.CoreSemanticTypes\Clifton.CoreSemanticTypes.csproj", "{F17421D0-37DB-4AEB-984A-9488ABFF9186}"
EndProject
Project("{FAE04EC0-301F-11D3-BF4B-00C04F79EFBC}") = "Clifton.ExtensionMethods", "..\Clifton.ExtensionMethods\Clifton.ExtensionMethods.csproj", "{9D4CA37E-4C77-4823-9364-4642BBE311C7}"
EndProject
Project("{FAE04EC0-301F-11D3-BF4B-00C04F79EFBC}") = "Clifton.Semantics", "..\Clifton.Semantics\Clifton.Semantics.csproj", "{FF4E6842-ADC8-4671-90BE-B7493393B995}"
EndProject
Project("{2150E333-8FDC-42A3-9474-1A3956D46DE8}") = "Clifton.Core", "Clifton.Core", "{15E6A114-4596-428F-ADCE-0B1F4506AFF8}"
EndProject
Project("{2150E333-8FDC-42A3-9474-1A3956D46DE8}") = "Clifton.Services", "Clifton.Services", "{FBDA2A20-AEC4-4EF2-9ECC-6652A5BB9CD1}"
EndProject
Project("{FAE04EC0-301F-11D3-BF4B-00C04F79EFBC}") = "Clifton.AppConfigService", "..\Clifton.Services\Clifton.AppConfigService\Clifton.AppConfigService.csproj", "{3FA7FE77-F12D-49B7-B2BA-1CD3BC076CDE}"
EndProject
Project("{FAE04EC0-301F-11D3-BF4B-00C04F79EFBC}") = "Clifton.ConsoleCriticalExceptionService", "..\Clifton.Services\Clifton.ConsoleCriticalExceptionService\Clifton.ConsoleCriticalExceptionService.csproj", "{0EB2AB97-962D-438F-9A2F-8004EA5B783D}"
EndProject
Project("{FAE04EC0-301F-11D3-BF4B-00C04F79EFBC}") = "Clifton.ConsoleLoggerService", "..\Clifton.Services\Clifton.ConsoleLoggerService\Clifton.ConsoleLoggerService.csproj", "{EFCB5E1B-4173-4CD8-880A-C04C7C7B957C}"
EndProject
Project("{FAE04EC0-301F-11D3-BF4B-00C04F79EFBC}") = "Clifton.Db", "..\Clifton.Db\Clifton.Db.csproj", "{373A9706-11AF-4E7F-B70C-B634CE66EC49}"
EndProject
Project("{FAE04EC0-301F-11D3-BF4B-00C04F79EFBC}") = "Clifton.DatabaseService", "..\Clifton.Services\Clifton.DatabaseService\Clifton.DatabaseService.csproj", "{536EC605-BD88-4ADD-858B-8ABC2DE5CFFD}"
EndProject
Project("{FAE04EC0-301F-11D3-BF4B-00C04F79EFBC}") = "Clifton.SemanticProcessorService", "..\Clifton.Services\Clifton.SemanticProcessorService\Clifton.SemanticProcessorService.csproj", "{A49BD2A0-E6A1-4BFD-B957-A9DE4CAC17F5}"
EndProject
Project("{FAE04EC0-301F-11D3-BF4B-00C04F79EFBC}") = "Clifton.ServiceInterfaces", "..\Clifton.Services\Clifton.ServiceInterfaces\Clifton.ServiceInterfaces.csproj", "{F902DF43-1BEA-49BE-B9E4-06028DF26BB0}"
EndProject
Project("{FAE04EC0-301F-11D3-BF4B-00C04F79EFBC}") = "Clifton.StateManagement", "..\Clifton.StateManagement\Clifton.StateManagement.csproj", "{7DDD8E80-A43D-44F8-A9C7-704C61C58F02}"
EndProject
Project("{FAE04EC0-301F-11D3-BF4B-00C04F79EFBC}") = "Clifton.Utils", "..\Clifton.Utils\Clifton.Utils.csproj", "{D4A90018-505C-41B4-8F9D-260F125997A9}"
EndProject
Project("{FAE04EC0-301F-11D3-BF4B-00C04F79EFBC}") = "Clifton.Workflow", "..\Clifton.Workflow\Clifton.Workflow.csproj", "{E49632C5-9FB4-4882-B3BF-979C58943CBE}"
EndProject
Project("{FAE04EC0-301F-11D3-BF4B-00C04F79EFBC}") = "Clifton.ModuleManagement", "..\Clifton.ModuleManagement\Clifton.ModuleManagement.csproj", "{5C4D4440-75D9-437C-B861-4270653F42CA}"
EndProject
Project("{FAE04EC0-301F-11D3-BF4B-00C04F79EFBC}") = "Clifton.SemanticProcessorInterfaces", "..\Clifton.SemanticProcessorInterfaces\Clifton.SemanticProcessorInterfaces.csproj", "{8FB66797-9B28-4E70-9184-598BC168F15A}"
EndProject
Project("{FAE04EC0-301F-11D3-BF4B-00C04F79EFBC}") = "Clifton.ServiceManagement", "..\Clifton.ServiceManagement\Clifton.ServiceManagement.csproj", "{B0247DF3-749C-40BA-A401-02DA145221BA}"
EndProject
Global
	GlobalSection(SolutionConfigurationPlatforms) = preSolution
		Debug|Any CPU = Debug|Any CPU
		Release|Any CPU = Release|Any CPU
	EndGlobalSection
	GlobalSection(ProjectConfigurationPlatforms) = postSolution
		{BC365BC6-C446-495E-81BF-D2F40B3EB355}.Debug|Any CPU.ActiveCfg = Debug|Any CPU
		{BC365BC6-C446-495E-81BF-D2F40B3EB355}.Debug|Any CPU.Build.0 = Debug|Any CPU
		{BC365BC6-C446-495E-81BF-D2F40B3EB355}.Release|Any CPU.ActiveCfg = Release|Any CPU
		{BC365BC6-C446-495E-81BF-D2F40B3EB355}.Release|Any CPU.Build.0 = Release|Any CPU
		{F17421D0-37DB-4AEB-984A-9488ABFF9186}.Debug|Any CPU.ActiveCfg = Debug|Any CPU
		{F17421D0-37DB-4AEB-984A-9488ABFF9186}.Debug|Any CPU.Build.0 = Debug|Any CPU
		{F17421D0-37DB-4AEB-984A-9488ABFF9186}.Release|Any CPU.ActiveCfg = Release|Any CPU
		{F17421D0-37DB-4AEB-984A-9488ABFF9186}.Release|Any CPU.Build.0 = Release|Any CPU
		{9D4CA37E-4C77-4823-9364-4642BBE311C7}.Debug|Any CPU.ActiveCfg = Debug|Any CPU
		{9D4CA37E-4C77-4823-9364-4642BBE311C7}.Debug|Any CPU.Build.0 = Debug|Any CPU
		{9D4CA37E-4C77-4823-9364-4642BBE311C7}.Release|Any CPU.ActiveCfg = Release|Any CPU
		{9D4CA37E-4C77-4823-9364-4642BBE311C7}.Release|Any CPU.Build.0 = Release|Any CPU
		{FF4E6842-ADC8-4671-90BE-B7493393B995}.Debug|Any CPU.ActiveCfg = Debug|Any CPU
		{FF4E6842-ADC8-4671-90BE-B7493393B995}.Debug|Any CPU.Build.0 = Debug|Any CPU
		{FF4E6842-ADC8-4671-90BE-B7493393B995}.Release|Any CPU.ActiveCfg = Release|Any CPU
		{FF4E6842-ADC8-4671-90BE-B7493393B995}.Release|Any CPU.Build.0 = Release|Any CPU
		{3FA7FE77-F12D-49B7-B2BA-1CD3BC076CDE}.Debug|Any CPU.ActiveCfg = Debug|Any CPU
		{3FA7FE77-F12D-49B7-B2BA-1CD3BC076CDE}.Debug|Any CPU.Build.0 = Debug|Any CPU
		{3FA7FE77-F12D-49B7-B2BA-1CD3BC076CDE}.Release|Any CPU.ActiveCfg = Release|Any CPU
		{3FA7FE77-F12D-49B7-B2BA-1CD3BC076CDE}.Release|Any CPU.Build.0 = Release|Any CPU
		{0EB2AB97-962D-438F-9A2F-8004EA5B783D}.Debug|Any CPU.ActiveCfg = Debug|Any CPU
		{0EB2AB97-962D-438F-9A2F-8004EA5B783D}.Debug|Any CPU.Build.0 = Debug|Any CPU
		{0EB2AB97-962D-438F-9A2F-8004EA5B783D}.Release|Any CPU.ActiveCfg = Release|Any CPU
		{0EB2AB97-962D-438F-9A2F-8004EA5B783D}.Release|Any CPU.Build.0 = Release|Any CPU
		{EFCB5E1B-4173-4CD8-880A-C04C7C7B957C}.Debug|Any CPU.ActiveCfg = Debug|Any CPU
		{EFCB5E1B-4173-4CD8-880A-C04C7C7B957C}.Debug|Any CPU.Build.0 = Debug|Any CPU
		{EFCB5E1B-4173-4CD8-880A-C04C7C7B957C}.Release|Any CPU.ActiveCfg = Release|Any CPU
		{EFCB5E1B-4173-4CD8-880A-C04C7C7B957C}.Release|Any CPU.Build.0 = Release|Any CPU
		{373A9706-11AF-4E7F-B70C-B634CE66EC49}.Debug|Any CPU.ActiveCfg = Debug|Any CPU
		{373A9706-11AF-4E7F-B70C-B634CE66EC49}.Debug|Any CPU.Build.0 = Debug|Any CPU
		{373A9706-11AF-4E7F-B70C-B634CE66EC49}.Release|Any CPU.ActiveCfg = Release|Any CPU
		{373A9706-11AF-4E7F-B70C-B634CE66EC49}.Release|Any CPU.Build.0 = Release|Any CPU
		{536EC605-BD88-4ADD-858B-8ABC2DE5CFFD}.Debug|Any CPU.ActiveCfg = Debug|Any CPU
		{536EC605-BD88-4ADD-858B-8ABC2DE5CFFD}.Debug|Any CPU.Build.0 = Debug|Any CPU
		{536EC605-BD88-4ADD-858B-8ABC2DE5CFFD}.Release|Any CPU.ActiveCfg = Release|Any CPU
		{536EC605-BD88-4ADD-858B-8ABC2DE5CFFD}.Release|Any CPU.Build.0 = Release|Any CPU
		{A49BD2A0-E6A1-4BFD-B957-A9DE4CAC17F5}.Debug|Any CPU.ActiveCfg = Debug|Any CPU
		{A49BD2A0-E6A1-4BFD-B957-A9DE4CAC17F5}.Debug|Any CPU.Build.0 = Debug|Any CPU
		{A49BD2A0-E6A1-4BFD-B957-A9DE4CAC17F5}.Release|Any CPU.ActiveCfg = Release|Any CPU
		{A49BD2A0-E6A1-4BFD-B957-A9DE4CAC17F5}.Release|Any CPU.Build.0 = Release|Any CPU
		{F902DF43-1BEA-49BE-B9E4-06028DF26BB0}.Debug|Any CPU.ActiveCfg = Debug|Any CPU
		{F902DF43-1BEA-49BE-B9E4-06028DF26BB0}.Debug|Any CPU.Build.0 = Debug|Any CPU
		{F902DF43-1BEA-49BE-B9E4-06028DF26BB0}.Release|Any CPU.ActiveCfg = Release|Any CPU
		{F902DF43-1BEA-49BE-B9E4-06028DF26BB0}.Release|Any CPU.Build.0 = Release|Any CPU
		{7DDD8E80-A43D-44F8-A9C7-704C61C58F02}.Debug|Any CPU.ActiveCfg = Debug|Any CPU
		{7DDD8E80-A43D-44F8-A9C7-704C61C58F02}.Debug|Any CPU.Build.0 = Debug|Any CPU
		{7DDD8E80-A43D-44F8-A9C7-704C61C58F02}.Release|Any CPU.ActiveCfg = Release|Any CPU
		{7DDD8E80-A43D-44F8-A9C7-704C61C58F02}.Release|Any CPU.Build.0 = Release|Any CPU
		{D4A90018-505C-41B4-8F9D-260F125997A9}.Debug|Any CPU.ActiveCfg = Debug|Any CPU
		{D4A90018-505C-41B4-8F9D-260F125997A9}.Debug|Any CPU.Build.0 = Debug|Any CPU
		{D4A90018-505C-41B4-8F9D-260F125997A9}.Release|Any CPU.ActiveCfg = Release|Any CPU
		{D4A90018-505C-41B4-8F9D-260F125997A9}.Release|Any CPU.Build.0 = Release|Any CPU
		{E49632C5-9FB4-4882-B3BF-979C58943CBE}.Debug|Any CPU.ActiveCfg = Debug|Any CPU
		{E49632C5-9FB4-4882-B3BF-979C58943CBE}.Debug|Any CPU.Build.0 = Debug|Any CPU
		{E49632C5-9FB4-4882-B3BF-979C58943CBE}.Release|Any CPU.ActiveCfg = Release|Any CPU
		{E49632C5-9FB4-4882-B3BF-979C58943CBE}.Release|Any CPU.Build.0 = Release|Any CPU
		{5C4D4440-75D9-437C-B861-4270653F42CA}.Debug|Any CPU.ActiveCfg = Debug|Any CPU
		{5C4D4440-75D9-437C-B861-4270653F42CA}.Debug|Any CPU.Build.0 = Debug|Any CPU
		{5C4D4440-75D9-437C-B861-4270653F42CA}.Release|Any CPU.ActiveCfg = Release|Any CPU
		{5C4D4440-75D9-437C-B861-4270653F42CA}.Release|Any CPU.Build.0 = Release|Any CPU
		{8FB66797-9B28-4E70-9184-598BC168F15A}.Debug|Any CPU.ActiveCfg = Debug|Any CPU
		{8FB66797-9B28-4E70-9184-598BC168F15A}.Debug|Any CPU.Build.0 = Debug|Any CPU
		{8FB66797-9B28-4E70-9184-598BC168F15A}.Release|Any CPU.ActiveCfg = Release|Any CPU
		{8FB66797-9B28-4E70-9184-598BC168F15A}.Release|Any CPU.Build.0 = Release|Any CPU
		{B0247DF3-749C-40BA-A401-02DA145221BA}.Debug|Any CPU.ActiveCfg = Debug|Any CPU
		{B0247DF3-749C-40BA-A401-02DA145221BA}.Debug|Any CPU.Build.0 = Debug|Any CPU
		{B0247DF3-749C-40BA-A401-02DA145221BA}.Release|Any CPU.ActiveCfg = Release|Any CPU
		{B0247DF3-749C-40BA-A401-02DA145221BA}.Release|Any CPU.Build.0 = Release|Any CPU
	EndGlobalSection
	GlobalSection(SolutionProperties) = preSolution
		HideSolutionNode = FALSE
	EndGlobalSection
	GlobalSection(NestedProjects) = preSolution
		{BC365BC6-C446-495E-81BF-D2F40B3EB355} = {15E6A114-4596-428F-ADCE-0B1F4506AFF8}
		{F17421D0-37DB-4AEB-984A-9488ABFF9186} = {15E6A114-4596-428F-ADCE-0B1F4506AFF8}
		{9D4CA37E-4C77-4823-9364-4642BBE311C7} = {15E6A114-4596-428F-ADCE-0B1F4506AFF8}
		{FF4E6842-ADC8-4671-90BE-B7493393B995} = {15E6A114-4596-428F-ADCE-0B1F4506AFF8}
		{373A9706-11AF-4E7F-B70C-B634CE66EC49} = {15E6A114-4596-428F-ADCE-0B1F4506AFF8}
		{7DDD8E80-A43D-44F8-A9C7-704C61C58F02} = {15E6A114-4596-428F-ADCE-0B1F4506AFF8}
		{D4A90018-505C-41B4-8F9D-260F125997A9} = {15E6A114-4596-428F-ADCE-0B1F4506AFF8}
		{E49632C5-9FB4-4882-B3BF-979C58943CBE} = {15E6A114-4596-428F-ADCE-0B1F4506AFF8}
		{5C4D4440-75D9-437C-B861-4270653F42CA} = {15E6A114-4596-428F-ADCE-0B1F4506AFF8}
		{8FB66797-9B28-4E70-9184-598BC168F15A} = {15E6A114-4596-428F-ADCE-0B1F4506AFF8}
		{B0247DF3-749C-40BA-A401-02DA145221BA} = {15E6A114-4596-428F-ADCE-0B1F4506AFF8}
		{3FA7FE77-F12D-49B7-B2BA-1CD3BC076CDE} = {FBDA2A20-AEC4-4EF2-9ECC-6652A5BB9CD1}
		{0EB2AB97-962D-438F-9A2F-8004EA5B783D} = {FBDA2A20-AEC4-4EF2-9ECC-6652A5BB9CD1}
		{EFCB5E1B-4173-4CD8-880A-C04C7C7B957C} = {FBDA2A20-AEC4-4EF2-9ECC-6652A5BB9CD1}
		{536EC605-BD88-4ADD-858B-8ABC2DE5CFFD} = {FBDA2A20-AEC4-4EF2-9ECC-6652A5BB9CD1}
		{A49BD2A0-E6A1-4BFD-B957-A9DE4CAC17F5} = {FBDA2A20-AEC4-4EF2-9ECC-6652A5BB9CD1}
		{F902DF43-1BEA-49BE-B9E4-06028DF26BB0} = {FBDA2A20-AEC4-4EF2-9ECC-6652A5BB9CD1}
	EndGlobalSection
EndGlobal
